{
  "name": "zen-bre",
  "version": "1.0.0",
  "lockfileVersion": 2,
  "requires": true,
  "packages": {
    "": {
      "name": "zen-bre",
      "version": "1.0.0",
      "license": "ISC",
      "dependencies": {
        "@gorules/zen-engine": "^0.15.1"
      }
    },
    "node_modules/@gorules/zen-engine": {
      "version": "0.15.1",
      "resolved": "https://registry.npmjs.org/@gorules/zen-engine/-/zen-engine-0.15.1.tgz",
      "integrity": "sha512-aO/qD7+RaiOymzGUr6nDXOVaTi7BMhM5HRnzG3i8nE01y5RcGWGW7Wm8NII66gCEO3+kGw+h7UzI6Ja5s7JNTQ==",
      "engines": {
        "node": ">= 14"
      },
      "optionalDependencies": {
        "@gorules/zen-engine-darwin-arm64": "0.15.1",
        "@gorules/zen-engine-darwin-x64": "0.15.1",
        "@gorules/zen-engine-linux-arm64-gnu": "0.15.1",
        "@gorules/zen-engine-linux-x64-gnu": "0.15.1",
        "@gorules/zen-engine-win32-x64-msvc": "0.15.1"
      }
    },
    "node_modules/@gorules/zen-engine-darwin-arm64": {
      "version": "0.15.1",
      "resolved": "https://registry.npmjs.org/@gorules/zen-engine-darwin-arm64/-/zen-engine-darwin-arm64-0.15.1.tgz",
      "integrity": "sha512-RcGBxaLK36KSsbpRnTuoxei7bA98yD4aUUcq9kGWPGUmLIwK53Hkajef5c3+WDRDnW4VvVrTugNAKPdwFzrahQ==",
      "cpu": [
        "arm64"
      ],
      "optional": true,
      "os": [
        "darwin"
      ],
      "engines": {
        "node": ">= 14"
      }
    },
    "node_modules/@gorules/zen-engine-darwin-x64": {
      "version": "0.15.1",
      "resolved": "https://registry.npmjs.org/@gorules/zen-engine-darwin-x64/-/zen-engine-darwin-x64-0.15.1.tgz",
      "integrity": "sha512-8pBkjIpFcS/FDqz4JcnGyV7V/cSieNtGFyIHxPXO3bKymU2xSAfflpuu/KJ7COwI7KrNaf/rfw2f3rQEEEBHXQ==",
      "cpu": [
        "x64"
      ],
      "optional": true,
      "os": [
        "darwin"
      ],
      "engines": {
        "node": ">= 14"
      }
    },
    "node_modules/@gorules/zen-engine-linux-arm64-gnu": {
      "version": "0.15.1",
      "resolved": "https://registry.npmjs.org/@gorules/zen-engine-linux-arm64-gnu/-/zen-engine-linux-arm64-gnu-0.15.1.tgz",
      "integrity": "sha512-PI4keeVowhSPi9JH09+rcKZuKEmRwR5Q0iufVOItLG0VCUK/0TkM9P/7oL59FOYHL43CrlhuflddvnZLbKRP1g==",
      "cpu": [
        "arm64"
      ],
      "optional": true,
      "os": [
        "linux"
      ],
      "engines": {
        "node": ">= 14"
      }
    },
    "node_modules/@gorules/zen-engine-linux-x64-gnu": {
      "version": "0.15.1",
      "resolved": "https://registry.npmjs.org/@gorules/zen-engine-linux-x64-gnu/-/zen-engine-linux-x64-gnu-0.15.1.tgz",
      "integrity": "sha512-AtAludV8tGqNPTJfr1dbfnNnDddhoy1SKoSuFR+Zn+hJFphdRylljR71Ru33gTntTAuMy/WUXlRn72wsI1XbEQ==",
      "cpu": [
        "x64"
      ],
      "optional": true,
      "os": [
        "linux"
      ],
      "engines": {
        "node": ">= 14"
      }
    },
    "node_modules/@gorules/zen-engine-win32-x64-msvc": {
      "version": "0.15.1",
      "resolved": "https://registry.npmjs.org/@gorules/zen-engine-win32-x64-msvc/-/zen-engine-win32-x64-msvc-0.15.1.tgz",
      "integrity": "sha512-vZzUtwkoMUo3sbMWoEdUOi1aWSRjHAWSFvtKUIbBDaFGHQhZpi0FHEFwmN72N0Irv8x2nTefP6UcwSFFM4UPCw==",
      "cpu": [
        "x64"
      ],
      "optional": true,
      "os": [
        "win32"
      ],
      "engines": {
        "node": ">= 14"
      }
    }
  },
  "dependencies": {
    "@gorules/zen-engine": {
      "version": "0.15.1",
      "resolved": "https://registry.npmjs.org/@gorules/zen-engine/-/zen-engine-0.15.1.tgz",
      "integrity": "sha512-aO/qD7+RaiOymzGUr6nDXOVaTi7BMhM5HRnzG3i8nE01y5RcGWGW7Wm8NII66gCEO3+kGw+h7UzI6Ja5s7JNTQ==",
      "requires": {
        "@gorules/zen-engine-darwin-arm64": "0.15.1",
        "@gorules/zen-engine-darwin-x64": "0.15.1",
        "@gorules/zen-engine-linux-arm64-gnu": "0.15.1",
        "@gorules/zen-engine-linux-x64-gnu": "0.15.1",
        "@gorules/zen-engine-win32-x64-msvc": "0.15.1"
      }
    },
    "@gorules/zen-engine-darwin-arm64": {
      "version": "0.15.1",
      "resolved": "https://registry.npmjs.org/@gorules/zen-engine-darwin-arm64/-/zen-engine-darwin-arm64-0.15.1.tgz",
      "integrity": "sha512-RcGBxaLK36KSsbpRnTuoxei7bA98yD4aUUcq9kGWPGUmLIwK53Hkajef5c3+WDRDnW4VvVrTugNAKPdwFzrahQ==",
      "optional": true
    },
    "@gorules/zen-engine-darwin-x64": {
      "version": "0.15.1",
      "resolved": "https://registry.npmjs.org/@gorules/zen-engine-darwin-x64/-/zen-engine-darwin-x64-0.15.1.tgz",
      "integrity": "sha512-8pBkjIpFcS/FDqz4JcnGyV7V/cSieNtGFyIHxPXO3bKymU2xSAfflpuu/KJ7COwI7KrNaf/rfw2f3rQEEEBHXQ==",
      "optional": true
    },
    "@gorules/zen-engine-linux-arm64-gnu": {
      "version": "0.15.1",
      "resolved": "https://registry.npmjs.org/@gorules/zen-engine-linux-arm64-gnu/-/zen-engine-linux-arm64-gnu-0.15.1.tgz",
      "integrity": "sha512-PI4keeVowhSPi9JH09+rcKZuKEmRwR5Q0iufVOItLG0VCUK/0TkM9P/7oL59FOYHL43CrlhuflddvnZLbKRP1g==",
      "optional": true
    },
    "@gorules/zen-engine-linux-x64-gnu": {
      "version": "0.15.1",
      "resolved": "https://registry.npmjs.org/@gorules/zen-engine-linux-x64-gnu/-/zen-engine-linux-x64-gnu-0.15.1.tgz",
      "integrity": "sha512-AtAludV8tGqNPTJfr1dbfnNnDddhoy1SKoSuFR+Zn+hJFphdRylljR71Ru33gTntTAuMy/WUXlRn72wsI1XbEQ==",
      "optional": true
    },
    "@gorules/zen-engine-win32-x64-msvc": {
      "version": "0.15.1",
      "resolved": "https://registry.npmjs.org/@gorules/zen-engine-win32-x64-msvc/-/zen-engine-win32-x64-msvc-0.15.1.tgz",
      "integrity": "sha512-vZzUtwkoMUo3sbMWoEdUOi1aWSRjHAWSFvtKUIbBDaFGHQhZpi0FHEFwmN72N0Irv8x2nTefP6UcwSFFM4UPCw==",
      "optional": true
    }
  }
}
